{
  "lockfileVersion": 1,
  "configVersion": 1,
  "workspaces": {
    "": {
      "name": "classifiqa-grade-ownership",
      "dependencies": {
        "node-appwrite": "26.0.0",
      },
    },
  },
  "packages": {
    "bignumber.js": ["bignumber.js@9.3.1", "", {}, "sha512-Ko0uX15oIUS7wJ3Rb30Fs6SkVbLmPBAKdlm7q9+ak9bbIeFf0MwuBsQV6z7+X768/cHsfg+WlysDWJcmthjsjQ=="],

    "json-bigint": ["json-bigint@1.0.0", "", { "dependencies": { "bignumber.js": "^9.0.0" } }, "sha512-SiPv/8VpZuWbvLSMtTDU8hEfrZWg/mH/nV/b4o0CYbSxu1UIQPLdwKOCIyLQX+VIPO5vrLX3i8qtqFyhdPSUSQ=="],

    "node-appwrite": ["node-appwrite@26.0.0", "", { "dependencies": { "json-bigint": "1.0.0", "node-fetch-native-with-agent": "1.7.2" } }, "sha512-BqzZtpySS0/M9itRPLYLIUpZuO8nJ+ESkCw5czJTixaLVSokcsqwHqW5dONCQ4yQKdX67287/4Ei73RjLOVuFg=="],

    "node-fetch-native-with-agent": ["node-fetch-native-with-agent@1.7.2", "", {}, "sha512-5MaOOCuJEvcckoz7/tjdx1M6OusOY6Xc5f459IaruGStWnKzlI1qpNgaAwmn4LmFYcsSlj+jBMk84wmmRxfk5g=="],
  }
}
