{
  "lockfileVersion": 1,
  "configVersion": 1,
  "workspaces": {
    "": {
      "name": "content-reports",
      "dependencies": {
        "node-appwrite": "^27.1.0",
      },
    },
  },
  "packages": {
    "bignumber.js": ["bignumber.js@9.3.1", "", {}, "sha512-Ko0uX15oIUS7wJ3Rb30Fs6SkVbLmPBAKdlm7q9+ak9bbIeFf0MwuBsQV6z7+X768/cHsfg+WlysDWJcmthjsjQ=="],

    "json-bigint": ["json-bigint@1.0.0", "", { "dependencies": { "bignumber.js": "^9.0.0" } }, "sha512-SiPv/8VpZuWbvLSMtTDU8hEfrZWg/mH/nV/b4o0CYbSxu1UIQPLdwKOCIyLQX+VIPO5vrLX3i8qtqFyhdPSUSQ=="],

    "node-appwrite": ["node-appwrite@27.1.0", "", { "dependencies": { "json-bigint": "1.0.0", "undici": "^6.27.0" } }, "sha512-YUxhpqAcTryaO7jSo6CKBqTpBD3U7bPhEGjzoEWX5kSZGHnkQ0s3iJn5dUfJ4xID+afH4/j+8bU3Cacs5gbjXw=="],

    "undici": ["undici@6.28.0", "", {}, "sha512-LIY910g9TI13YS95lrMFrs8Rm/u/irgHeTWoKCoteeJ04CUJ92eEfj0rVn+7VKMPBpUPiUoBKfhNyLI23EE/KA=="],
  }
}
